
Microsoft Visual Studio Solution File, Format Version 12.00
# Visual Studio Version 16
VisualStudioVersion = 16.0.30907.101
MinimumVisualStudioVersion = 10.0.40219.1
Project("{9A19103F-16F7-4668-BE54-9A1E7A4F7556}") = "Dictionary.Blazor", "Dictionary.Blazor\Dictionary.Blazor.csproj", "{94EC9C24-7A10-4789-8CAD-A3BF42DE9C6B}"
	ProjectSection(ProjectDependencies) = postProject
		{86448A73-E8BD-4AF8-BB7D-593B6BC1CB42} = {86448A73-E8BD-4AF8-BB7D-593B6BC1CB42}
	EndProjectSection
EndProject
Project("{9A19103F-16F7-4668-BE54-9A1E7A4F7556}") = "Dictionary.Core", "Dictionary.Core\Dictionary.Core.csproj", "{86448A73-E8BD-4AF8-BB7D-593B6BC1CB42}"
EndProject
Project("{9A19103F-16F7-4668-BE54-9A1E7A4F7556}") = "Dictionary.Tests", "Dictionary.Test\Dictionary.Tests.csproj", "{5B8343C2-2E7E-4DEC-B3E5-30CE3EFD2B07}"
	ProjectSection(ProjectDependencies) = postProject
		{86448A73-E8BD-4AF8-BB7D-593B6BC1CB42} = {86448A73-E8BD-4AF8-BB7D-593B6BC1CB42}
	EndProjectSection
EndProject
Global
	GlobalSection(SolutionConfigurationPlatforms) = preSolution
		Debug|Any CPU = Debug|Any CPU
		Release|Any CPU = Release|Any CPU
	EndGlobalSection
	GlobalSection(ProjectConfigurationPlatforms) = postSolution
		{94EC9C24-7A10-4789-8CAD-A3BF42DE9C6B}.Debug|Any CPU.ActiveCfg = Debug|Any CPU
		{94EC9C24-7A10-4789-8CAD-A3BF42DE9C6B}.Debug|Any CPU.Build.0 = Debug|Any CPU
		{94EC9C24-7A10-4789-8CAD-A3BF42DE9C6B}.Release|Any CPU.ActiveCfg = Release|Any CPU
		{94EC9C24-7A10-4789-8CAD-A3BF42DE9C6B}.Release|Any CPU.Build.0 = Release|Any CPU
		{86448A73-E8BD-4AF8-BB7D-593B6BC1CB42}.Debug|Any CPU.ActiveCfg = Debug|Any CPU
		{86448A73-E8BD-4AF8-BB7D-593B6BC1CB42}.Debug|Any CPU.Build.0 = Debug|Any CPU
		{86448A73-E8BD-4AF8-BB7D-593B6BC1CB42}.Release|Any CPU.ActiveCfg = Release|Any CPU
		{86448A73-E8BD-4AF8-BB7D-593B6BC1CB42}.Release|Any CPU.Build.0 = Release|Any CPU
		{5B8343C2-2E7E-4DEC-B3E5-30CE3EFD2B07}.Debug|Any CPU.ActiveCfg = Debug|Any CPU
		{5B8343C2-2E7E-4DEC-B3E5-30CE3EFD2B07}.Debug|Any CPU.Build.0 = Debug|Any CPU
		{5B8343C2-2E7E-4DEC-B3E5-30CE3EFD2B07}.Release|Any CPU.ActiveCfg = Release|Any CPU
		{5B8343C2-2E7E-4DEC-B3E5-30CE3EFD2B07}.Release|Any CPU.Build.0 = Release|Any CPU
	EndGlobalSection
	GlobalSection(SolutionProperties) = preSolution
		HideSolutionNode = FALSE
	EndGlobalSection
	GlobalSection(ExtensibilityGlobals) = postSolution
		SolutionGuid = {01220AAD-E96D-4351-AA16-C5FE40EC7E57}
	EndGlobalSection
EndGlobal
